
Microsoft Visual Studio Solution File, Format Version 12.00
# Visual Studio Version 17
VisualStudioVersion = 17.4.33205.214
MinimumVisualStudioVersion = 10.0.40219.1
Project("{FAE04EC0-301F-11D3-BF4B-00C04F79EFBC}") = "proje", "proje\proje.csproj", "{E4DD0011-8EAA-4C8A-B6B1-F4A50F5D8BEF}"
EndProject
Global
	GlobalSection(SolutionConfigurationPlatforms) = preSolution
		Debug|Any CPU = Debug|Any CPU
		Release|Any CPU = Release|Any CPU
	EndGlobalSection
	GlobalSection(ProjectConfigurationPlatforms) = postSolution
		{E4DD0011-8EAA-4C8A-B6B1-F4A50F5D8BEF}.Debug|Any CPU.ActiveCfg = Debug|Any CPU
		{E4DD0011-8EAA-4C8A-B6B1-F4A50F5D8BEF}.Debug|Any CPU.Build.0 = Debug|Any CPU
		{E4DD0011-8EAA-4C8A-B6B1-F4A50F5D8BEF}.Release|Any CPU.ActiveCfg = Release|Any CPU
		{E4DD0011-8EAA-4C8A-B6B1-F4A50F5D8BEF}.Release|Any CPU.Build.0 = Release|Any CPU
	EndGlobalSection
	GlobalSection(SolutionProperties) = preSolution
		HideSolutionNode = FALSE
	EndGlobalSection
	GlobalSection(ExtensibilityGlobals) = postSolution
		SolutionGuid = {C1701548-0DC1-4B46-99ED-88C744A0E4E2}
	EndGlobalSection
EndGlobal
